{
	"name": "serve-favicon",
	"lockfileVersion": 2,
	"requires": true,
	"packages": {
		"": {
			"dependencies": {
				"@types/express": "^4.16.0",
				"@types/express-serve-static-core": "^4.16.0",
				"@types/serve-favicon": "^2.2.30",
				"serve-favicon": "^2.4.5"
			}
		},
		"node_modules/@types/body-parser": {
			"version": "1.19.1",
			"resolved": "https://registry.npmjs.org/@types/body-parser/-/body-parser-1.19.1.tgz",
			"integrity": "sha512-a6bTJ21vFOGIkwM0kzh9Yr89ziVxq4vYH2fQ6N8AeipEzai/cFK6aGMArIkUeIdRIgpwQa+2bXiLuUJCpSf2Cg==",
			"dependencies": {
				"@types/connect": "*",
				"@types/node": "*"
			}
		},
		"node_modules/@types/connect": {
			"version": "3.4.35",
			"resolved": "https://registry.npmjs.org/@types/connect/-/connect-3.4.35.tgz",
			"integrity": "sha512-cdeYyv4KWoEgpBISTxWvqYsVy444DOqehiF3fM3ne10AmJ62RSyNkUnxMJXHQWRQQX2eR94m5y1IZyDwBjV9FQ==",
			"dependencies": {
				"@types/node": "*"
			}
		},
		"node_modules/@types/express": {
			"version": "4.17.13",
			"resolved": "https://registry.npmjs.org/@types/express/-/express-4.17.13.tgz",
			"integrity": "sha512-6bSZTPaTIACxn48l50SR+axgrqm6qXFIxrdAKaG6PaJk3+zuUr35hBlgT7vOmJcum+OEaIBLtHV/qloEAFITeA==",
			"dependencies": {
				"@types/body-parser": "*",
				"@types/express-serve-static-core": "^4.17.18",
				"@types/qs": "*",
				"@types/serve-static": "*"
			}
		},
		"node_modules/@types/express-serve-static-core": {
			"version": "4.17.24",
			"resolved": "https://registry.npmjs.org/@types/express-serve-static-core/-/express-serve-static-core-4.17.24.tgz",
			"integrity": "sha512-3UJuW+Qxhzwjq3xhwXm2onQcFHn76frIYVbTu+kn24LFxI+dEhdfISDFovPB8VpEgW8oQCTpRuCe+0zJxB7NEA==",
			"dependencies": {
				"@types/node": "*",
				"@types/qs": "*",
				"@types/range-parser": "*"
			}
		},
		"node_modules/@types/mime": {
			"version": "1.3.2",
			"resolved": "https://registry.npmjs.org/@types/mime/-/mime-1.3.2.tgz",
			"integrity": "sha512-YATxVxgRqNH6nHEIsvg6k2Boc1JHI9ZbH5iWFFv/MTkchz3b1ieGDa5T0a9RznNdI0KhVbdbWSN+KWWrQZRxTw=="
		},
		"node_modules/@types/node": {
			"version": "16.4.11",
			"resolved": "https://registry.npmjs.org/@types/node/-/node-16.4.11.tgz",
			"integrity": "sha512-nWSFUbuNiPKJEe1IViuodSI+9cM+vpM8SWF/O6dJK7wmGRNq55U7XavJHrlRrPkSMuUZUFzg1xaZ1B+ZZCrRWw=="
		},
		"node_modules/@types/qs": {
			"version": "6.9.7",
			"resolved": "https://registry.npmjs.org/@types/qs/-/qs-6.9.7.tgz",
			"integrity": "sha512-FGa1F62FT09qcrueBA6qYTrJPVDzah9a+493+o2PCXsesWHIn27G98TsSMs3WPNbZIEj4+VJf6saSFpvD+3Zsw=="
		},
		"node_modules/@types/range-parser": {
			"version": "1.2.4",
			"resolved": "https://registry.npmjs.org/@types/range-parser/-/range-parser-1.2.4.tgz",
			"integrity": "sha512-EEhsLsD6UsDM1yFhAvy0Cjr6VwmpMWqFBCb9w07wVugF7w9nfajxLuVmngTIpgS6svCnm6Vaw+MZhoDCKnOfsw=="
		},
		"node_modules/@types/serve-favicon": {
			"version": "2.5.3",
			"resolved": "https://registry.npmjs.org/@types/serve-favicon/-/serve-favicon-2.5.3.tgz",
			"integrity": "sha512-HirXLRJjLXzwiSnjhE1vMu55X7+qaY+noXsKqi/7eK1uByl3L6TwkcALZuJnQXqOalMdmBz3b662yXvaR+89Vw==",
			"dependencies": {
				"@types/express": "*"
			}
		},
		"node_modules/@types/serve-static": {
			"version": "1.13.10",
			"resolved": "https://registry.npmjs.org/@types/serve-static/-/serve-static-1.13.10.tgz",
			"integrity": "sha512-nCkHGI4w7ZgAdNkrEu0bv+4xNV/XDqW+DydknebMOQwkpDGx8G+HTlj7R7ABI8i8nKxVw0wtKPi1D+lPOkh4YQ==",
			"dependencies": {
				"@types/mime": "^1",
				"@types/node": "*"
			}
		},
		"node_modules/etag": {
			"version": "1.8.1",
			"resolved": "https://registry.npmjs.org/etag/-/etag-1.8.1.tgz",
			"integrity": "sha1-Qa4u62XvpiJorr/qg6x9eSmbCIc=",
			"engines": {
				"node": ">= 0.6"
			}
		},
		"node_modules/fresh": {
			"version": "0.5.2",
			"resolved": "https://registry.npmjs.org/fresh/-/fresh-0.5.2.tgz",
			"integrity": "sha1-PYyt2Q2XZWn6g1qx+OSyOhBWBac=",
			"engines": {
				"node": ">= 0.6"
			}
		},
		"node_modules/ms": {
			"version": "2.1.1",
			"resolved": "https://registry.npmjs.org/ms/-/ms-2.1.1.tgz",
			"integrity": "sha512-tgp+dl5cGk28utYktBsrFqA7HKgrhgPsg6Z/EfhWI4gl1Hwq8B/GmY/0oXZ6nF8hDVesS/FpnYaD/kOWhYQvyg=="
		},
		"node_modules/parseurl": {
			"version": "1.3.3",
			"resolved": "https://registry.npmjs.org/parseurl/-/parseurl-1.3.3.tgz",
			"integrity": "sha512-CiyeOxFT/JZyN5m0z9PfXw4SCBJ6Sygz1Dpl0wqjlhDEGGBP1GnsUVEL0p63hoG1fcj3fHynXi9NYO4nWOL+qQ==",
			"engines": {
				"node": ">= 0.8"
			}
		},
		"node_modules/safe-buffer": {
			"version": "5.1.1",
			"resolved": "https://registry.npmjs.org/safe-buffer/-/safe-buffer-5.1.1.tgz",
			"integrity": "sha512-kKvNJn6Mm93gAczWVJg7wH+wGYWNrDHdWvpUmHyEsgCtIwwo3bqPtV4tR5tuPaUhTOo/kvhVwd8XwwOllGYkbg=="
		},
		"node_modules/serve-favicon": {
			"version": "2.5.0",
			"resolved": "https://registry.npmjs.org/serve-favicon/-/serve-favicon-2.5.0.tgz",
			"integrity": "sha1-k10kDN/g9YBTB/3+ln2IlCosvPA=",
			"dependencies": {
				"etag": "~1.8.1",
				"fresh": "0.5.2",
				"ms": "2.1.1",
				"parseurl": "~1.3.2",
				"safe-buffer": "5.1.1"
			},
			"engines": {
				"node": ">= 0.8.0"
			}
		}
	},
	"dependencies": {
		"@types/body-parser": {
			"version": "1.19.1",
			"resolved": "https://registry.npmjs.org/@types/body-parser/-/body-parser-1.19.1.tgz",
			"integrity": "sha512-a6bTJ21vFOGIkwM0kzh9Yr89ziVxq4vYH2fQ6N8AeipEzai/cFK6aGMArIkUeIdRIgpwQa+2bXiLuUJCpSf2Cg==",
			"requires": {
				"@types/connect": "*",
				"@types/node": "*"
			}
		},
		"@types/connect": {
			"version": "3.4.35",
			"resolved": "https://registry.npmjs.org/@types/connect/-/connect-3.4.35.tgz",
			"integrity": "sha512-cdeYyv4KWoEgpBISTxWvqYsVy444DOqehiF3fM3ne10AmJ62RSyNkUnxMJXHQWRQQX2eR94m5y1IZyDwBjV9FQ==",
			"requires": {
				"@types/node": "*"
			}
		},
		"@types/express": {
			"version": "4.17.13",
			"resolved": "https://registry.npmjs.org/@types/express/-/express-4.17.13.tgz",
			"integrity": "sha512-6bSZTPaTIACxn48l50SR+axgrqm6qXFIxrdAKaG6PaJk3+zuUr35hBlgT7vOmJcum+OEaIBLtHV/qloEAFITeA==",
			"requires": {
				"@types/body-parser": "*",
				"@types/express-serve-static-core": "^4.17.18",
				"@types/qs": "*",
				"@types/serve-static": "*"
			}
		},
		"@types/express-serve-static-core": {
			"version": "4.17.24",
			"resolved": "https://registry.npmjs.org/@types/express-serve-static-core/-/express-serve-static-core-4.17.24.tgz",
			"integrity": "sha512-3UJuW+Qxhzwjq3xhwXm2onQcFHn76frIYVbTu+kn24LFxI+dEhdfISDFovPB8VpEgW8oQCTpRuCe+0zJxB7NEA==",
			"requires": {
				"@types/node": "*",
				"@types/qs": "*",
				"@types/range-parser": "*"
			}
		},
		"@types/mime": {
			"version": "1.3.2",
			"resolved": "https://registry.npmjs.org/@types/mime/-/mime-1.3.2.tgz",
			"integrity": "sha512-YATxVxgRqNH6nHEIsvg6k2Boc1JHI9ZbH5iWFFv/MTkchz3b1ieGDa5T0a9RznNdI0KhVbdbWSN+KWWrQZRxTw=="
		},
		"@types/node": {
			"version": "16.4.11",
			"resolved": "https://registry.npmjs.org/@types/node/-/node-16.4.11.tgz",
			"integrity": "sha512-nWSFUbuNiPKJEe1IViuodSI+9cM+vpM8SWF/O6dJK7wmGRNq55U7XavJHrlRrPkSMuUZUFzg1xaZ1B+ZZCrRWw=="
		},
		"@types/qs": {
			"version": "6.9.7",
			"resolved": "https://registry.npmjs.org/@types/qs/-/qs-6.9.7.tgz",
			"integrity": "sha512-FGa1F62FT09qcrueBA6qYTrJPVDzah9a+493+o2PCXsesWHIn27G98TsSMs3WPNbZIEj4+VJf6saSFpvD+3Zsw=="
		},
		"@types/range-parser": {
			"version": "1.2.4",
			"resolved": "https://registry.npmjs.org/@types/range-parser/-/range-parser-1.2.4.tgz",
			"integrity": "sha512-EEhsLsD6UsDM1yFhAvy0Cjr6VwmpMWqFBCb9w07wVugF7w9nfajxLuVmngTIpgS6svCnm6Vaw+MZhoDCKnOfsw=="
		},
		"@types/serve-favicon": {
			"version": "2.5.3",
			"resolved": "https://registry.npmjs.org/@types/serve-favicon/-/serve-favicon-2.5.3.tgz",
			"integrity": "sha512-HirXLRJjLXzwiSnjhE1vMu55X7+qaY+noXsKqi/7eK1uByl3L6TwkcALZuJnQXqOalMdmBz3b662yXvaR+89Vw==",
			"requires": {
				"@types/express": "*"
			}
		},
		"@types/serve-static": {
			"version": "1.13.10",
			"resolved": "https://registry.npmjs.org/@types/serve-static/-/serve-static-1.13.10.tgz",
			"integrity": "sha512-nCkHGI4w7ZgAdNkrEu0bv+4xNV/XDqW+DydknebMOQwkpDGx8G+HTlj7R7ABI8i8nKxVw0wtKPi1D+lPOkh4YQ==",
			"requires": {
				"@types/mime": "^1",
				"@types/node": "*"
			}
		},
		"etag": {
			"version": "1.8.1",
			"resolved": "https://registry.npmjs.org/etag/-/etag-1.8.1.tgz",
			"integrity": "sha1-Qa4u62XvpiJorr/qg6x9eSmbCIc="
		},
		"fresh": {
			"version": "0.5.2",
			"resolved": "https://registry.npmjs.org/fresh/-/fresh-0.5.2.tgz",
			"integrity": "sha1-PYyt2Q2XZWn6g1qx+OSyOhBWBac="
		},
		"ms": {
			"version": "2.1.1",
			"resolved": "https://registry.npmjs.org/ms/-/ms-2.1.1.tgz",
			"integrity": "sha512-tgp+dl5cGk28utYktBsrFqA7HKgrhgPsg6Z/EfhWI4gl1Hwq8B/GmY/0oXZ6nF8hDVesS/FpnYaD/kOWhYQvyg=="
		},
		"parseurl": {
			"version": "1.3.3",
			"resolved": "https://registry.npmjs.org/parseurl/-/parseurl-1.3.3.tgz",
			"integrity": "sha512-CiyeOxFT/JZyN5m0z9PfXw4SCBJ6Sygz1Dpl0wqjlhDEGGBP1GnsUVEL0p63hoG1fcj3fHynXi9NYO4nWOL+qQ=="
		},
		"safe-buffer": {
			"version": "5.1.1",
			"resolved": "https://registry.npmjs.org/safe-buffer/-/safe-buffer-5.1.1.tgz",
			"integrity": "sha512-kKvNJn6Mm93gAczWVJg7wH+wGYWNrDHdWvpUmHyEsgCtIwwo3bqPtV4tR5tuPaUhTOo/kvhVwd8XwwOllGYkbg=="
		},
		"serve-favicon": {
			"version": "2.5.0",
			"resolved": "https://registry.npmjs.org/serve-favicon/-/serve-favicon-2.5.0.tgz",
			"integrity": "sha1-k10kDN/g9YBTB/3+ln2IlCosvPA=",
			"requires": {
				"etag": "~1.8.1",
				"fresh": "0.5.2",
				"ms": "2.1.1",
				"parseurl": "~1.3.2",
				"safe-buffer": "5.1.1"
			}
		}
	}
}
